
Microsoft Visual Studio Solution File, Format Version 12.00
# Visual Studio Version 16
VisualStudioVersion = 16.0.31025.194
MinimumVisualStudioVersion = 10.0.40219.1
Project("{8BC9CEB8-8B4A-11D0-8D11-00A0C91BC942}") = "example", "example\example.vcxproj", "{2226DB5F-4E89-48C0-8A1F-6F90641D0437}"
EndProject
Project("{2150E333-8FDC-42A3-9474-1A3956D46DE8}") = "Solution Items", "Solution Items", "{6C77F3ED-3DA2-44A4-8F42-0C97733151CD}"
	ProjectSection(SolutionItems) = preProject
		..\data\shader\billboard.hlsl = ..\data\shader\billboard.hlsl
	EndProjectSection
EndProject
Global
	GlobalSection(SolutionConfigurationPlatforms) = preSolution
		Debug|Win32 = Debug|Win32
		Release|Win32 = Release|Win32
	EndGlobalSection
	GlobalSection(ProjectConfigurationPlatforms) = postSolution
		{2226DB5F-4E89-48C0-8A1F-6F90641D0437}.Debug|Win32.ActiveCfg = Debug|Win32
		{2226DB5F-4E89-48C0-8A1F-6F90641D0437}.Debug|Win32.Build.0 = Debug|Win32
		{2226DB5F-4E89-48C0-8A1F-6F90641D0437}.Release|Win32.ActiveCfg = Release|Win32
		{2226DB5F-4E89-48C0-8A1F-6F90641D0437}.Release|Win32.Build.0 = Release|Win32
	EndGlobalSection
	GlobalSection(SolutionProperties) = preSolution
		HideSolutionNode = FALSE
	EndGlobalSection
	GlobalSection(ExtensibilityGlobals) = postSolution
		SolutionGuid = {64FD69FC-B81C-4ADE-87A6-EC1C255533E3}
	EndGlobalSection
EndGlobal
